
Microsoft Visual Studio Solution File, Format Version 12.00
# Visual Studio for Mac
Project("{FAE04EC0-301F-11D3-BF4B-00C04F79EFBC}") = "WeatherForecastUI", "Assembly-CSharp.csproj", "{30243340-C0B6-7D8F-E499-CF6906135F1E}"
EndProject
Project("{FAE04EC0-301F-11D3-BF4B-00C04F79EFBC}") = "WeatherForecastUI", "Assembly-CSharp-Editor.csproj", "{8CE2816C-3681-0268-AF9A-48C0CE5823B1}"
EndProject
Global
	GlobalSection(SolutionConfigurationPlatforms) = preSolution
		Debug|Any CPU = Debug|Any CPU
		Release|Any CPU = Release|Any CPU
	EndGlobalSection
	GlobalSection(ProjectConfigurationPlatforms) = postSolution
		{30243340-C0B6-7D8F-E499-CF6906135F1E}.Debug|Any CPU.ActiveCfg = Debug|Any CPU
		{30243340-C0B6-7D8F-E499-CF6906135F1E}.Debug|Any CPU.Build.0 = Debug|Any CPU
		{30243340-C0B6-7D8F-E499-CF6906135F1E}.Release|Any CPU.ActiveCfg = Release|Any CPU
		{30243340-C0B6-7D8F-E499-CF6906135F1E}.Release|Any CPU.Build.0 = Release|Any CPU
		{8CE2816C-3681-0268-AF9A-48C0CE5823B1}.Debug|Any CPU.ActiveCfg = Debug|Any CPU
		{8CE2816C-3681-0268-AF9A-48C0CE5823B1}.Debug|Any CPU.Build.0 = Debug|Any CPU
		{8CE2816C-3681-0268-AF9A-48C0CE5823B1}.Release|Any CPU.ActiveCfg = Release|Any CPU
		{8CE2816C-3681-0268-AF9A-48C0CE5823B1}.Release|Any CPU.Build.0 = Release|Any CPU
	EndGlobalSection
	GlobalSection(SolutionProperties) = preSolution
		HideSolutionNode = FALSE
	EndGlobalSection
EndGlobal
